
Microsoft Visual Studio Solution File, Format Version 12.00
# Visual Studio Version 17
VisualStudioVersion = 17.4.33122.133
MinimumVisualStudioVersion = 10.0.40219.1
Project("{9A19103F-16F7-4668-BE54-9A1E7A4F7556}") = "MCService.Web", "MCService.Web.csproj", "{60EACE32-5A0C-473A-AFE4-4004518D40D2}"
EndProject
Project("{9A19103F-16F7-4668-BE54-9A1E7A4F7556}") = "MCService.Services", "..\MCService.Services\MCService.Services.csproj", "{13D834DE-FB3F-470B-A570-01D919B4082D}"
EndProject
Project("{2150E333-8FDC-42A3-9474-1A3956D46DE8}") = "Элементы решения", "Элементы решения", "{385AE3F8-80DB-4B81-A844-D5BD1463DFC3}"
EndProject
Project("{FAE04EC0-301F-11D3-BF4B-00C04F79EFBC}") = "MCService.Models", "..\MCService.Models\MCService.Models.csproj", "{DDAB19F7-B22A-4127-A2E5-D8D6591550DD}"
EndProject
Project("{FAE04EC0-301F-11D3-BF4B-00C04F79EFBC}") = "MCService.Database", "..\MCService.Database\MCService.Database.csproj", "{402A2727-36E2-481B-AC87-A69DB0C5A4B5}"
EndProject
Global
	GlobalSection(SolutionConfigurationPlatforms) = preSolution
		Debug|Any CPU = Debug|Any CPU
		Release|Any CPU = Release|Any CPU
	EndGlobalSection
	GlobalSection(ProjectConfigurationPlatforms) = postSolution
		{60EACE32-5A0C-473A-AFE4-4004518D40D2}.Debug|Any CPU.ActiveCfg = Debug|Any CPU
		{60EACE32-5A0C-473A-AFE4-4004518D40D2}.Debug|Any CPU.Build.0 = Debug|Any CPU
		{60EACE32-5A0C-473A-AFE4-4004518D40D2}.Release|Any CPU.ActiveCfg = Release|Any CPU
		{60EACE32-5A0C-473A-AFE4-4004518D40D2}.Release|Any CPU.Build.0 = Release|Any CPU
		{13D834DE-FB3F-470B-A570-01D919B4082D}.Debug|Any CPU.ActiveCfg = Debug|Any CPU
		{13D834DE-FB3F-470B-A570-01D919B4082D}.Debug|Any CPU.Build.0 = Debug|Any CPU
		{13D834DE-FB3F-470B-A570-01D919B4082D}.Release|Any CPU.ActiveCfg = Release|Any CPU
		{13D834DE-FB3F-470B-A570-01D919B4082D}.Release|Any CPU.Build.0 = Release|Any CPU
		{DDAB19F7-B22A-4127-A2E5-D8D6591550DD}.Debug|Any CPU.ActiveCfg = Debug|Any CPU
		{DDAB19F7-B22A-4127-A2E5-D8D6591550DD}.Debug|Any CPU.Build.0 = Debug|Any CPU
		{DDAB19F7-B22A-4127-A2E5-D8D6591550DD}.Release|Any CPU.ActiveCfg = Release|Any CPU
		{DDAB19F7-B22A-4127-A2E5-D8D6591550DD}.Release|Any CPU.Build.0 = Release|Any CPU
		{402A2727-36E2-481B-AC87-A69DB0C5A4B5}.Debug|Any CPU.ActiveCfg = Debug|Any CPU
		{402A2727-36E2-481B-AC87-A69DB0C5A4B5}.Debug|Any CPU.Build.0 = Debug|Any CPU
		{402A2727-36E2-481B-AC87-A69DB0C5A4B5}.Release|Any CPU.ActiveCfg = Release|Any CPU
		{402A2727-36E2-481B-AC87-A69DB0C5A4B5}.Release|Any CPU.Build.0 = Release|Any CPU
	EndGlobalSection
	GlobalSection(SolutionProperties) = preSolution
		HideSolutionNode = FALSE
	EndGlobalSection
	GlobalSection(ExtensibilityGlobals) = postSolution
		SolutionGuid = {A0190755-256A-4108-AE8B-03E122D44A1A}
	EndGlobalSection
EndGlobal
